
Microsoft Visual Studio Solution File, Format Version 12.00
# Visual Studio 2013
VisualStudioVersion = 12.0.40629.0
MinimumVisualStudioVersion = 10.0.40219.1
Project("{FAE04EC0-301F-11D3-BF4B-00C04F79EFBC}") = "Atrieflimmer", "Atrieflimmer\Atrieflimmer.csproj", "{F4446F72-580A-4CCC-8FED-B899252F9F95}"
EndProject
Project("{FAE04EC0-301F-11D3-BF4B-00C04F79EFBC}") = "Atrieflimmer.Tests", "Atrieflimmer.Tests\Atrieflimmer.Tests.csproj", "{2982E14D-32F8-4841-81E6-B8090B4A838D}"
EndProject
Global
	GlobalSection(SolutionConfigurationPlatforms) = preSolution
		Debug|Any CPU = Debug|Any CPU
		Release|Any CPU = Release|Any CPU
	EndGlobalSection
	GlobalSection(ProjectConfigurationPlatforms) = postSolution
		{F4446F72-580A-4CCC-8FED-B899252F9F95}.Debug|Any CPU.ActiveCfg = Debug|Any CPU
		{F4446F72-580A-4CCC-8FED-B899252F9F95}.Debug|Any CPU.Build.0 = Debug|Any CPU
		{F4446F72-580A-4CCC-8FED-B899252F9F95}.Release|Any CPU.ActiveCfg = Release|Any CPU
		{F4446F72-580A-4CCC-8FED-B899252F9F95}.Release|Any CPU.Build.0 = Release|Any CPU
		{2982E14D-32F8-4841-81E6-B8090B4A838D}.Debug|Any CPU.ActiveCfg = Debug|Any CPU
		{2982E14D-32F8-4841-81E6-B8090B4A838D}.Debug|Any CPU.Build.0 = Debug|Any CPU
		{2982E14D-32F8-4841-81E6-B8090B4A838D}.Release|Any CPU.ActiveCfg = Release|Any CPU
		{2982E14D-32F8-4841-81E6-B8090B4A838D}.Release|Any CPU.Build.0 = Release|Any CPU
	EndGlobalSection
	GlobalSection(SolutionProperties) = preSolution
		HideSolutionNode = FALSE
	EndGlobalSection
EndGlobal
